// !$*UTF8*$!
{
	archiveVersion = 1;
	classes = {
	};
	objectVersion = 50;
	objects = {

/* Begin PBXBuildFile section */
		0DDE8A3D24184C00004C0604 /* AppDelegate.swift in Sources */ = {isa = PBXBuildFile; fileRef = 0DDE8A3C24184C00004C0604 /* AppDelegate.swift */; };
		0DDE8A3F24184C00004C0604 /* SceneDelegate.swift in Sources */ = {isa = PBXBuildFile; fileRef = 0DDE8A3E24184C00004C0604 /* SceneDelegate.swift */; };
		0DDE8A4124184C00004C0604 /* InteractionViewController.swift in Sources */ = {isa = PBXBuildFile; fileRef = 0DDE8A4024184C00004C0604 /* InteractionViewController.swift */; };
		0DDE8A4424184C00004C0604 /* Main.storyboard in Resources */ = {isa = PBXBuildFile; fileRef = 0DDE8A4224184C00004C0604 /* Main.storyboard */; };
		0DDE8A4624184C01004C0604 /* Assets.xcassets in Resources */ = {isa = PBXBuildFile; fileRef = 0DDE8A4524184C01004C0604 /* Assets.xcassets */; };
		0DDE8A4924184C01004C0604 /* LaunchScreen.storyboard in Resources */ = {isa = PBXBuildFile; fileRef = 0DDE8A4724184C01004C0604 /* LaunchScreen.storyboard */; };
		0DDE8A5124184C3D004C0604 /* Shrdlu.swift in Sources */ = {isa = PBXBuildFile; fileRef = 0DDE8A5024184C3D004C0604 /* Shrdlu.swift */; };
/* End PBXBuildFile section */

/* Begin PBXFileReference section */
		0DDE8A3924184C00004C0604 /* Shrdlu.app */ = {isa = PBXFileReference; explicitFileType = wrapper.application; includeInIndex = 0; path = Shrdlu.app; sourceTree = BUILT_PRODUCTS_DIR; };
		0DDE8A3C24184C00004C0604 /* AppDelegate.swift */ = {isa = PBXFileReference; lastKnownFileType = sourcecode.swift; path = AppDelegate.swift; sourceTree = "<group>"; };
		0DDE8A3E24184C00004C0604 /* SceneDelegate.swift */ = {isa = PBXFileReference; lastKnownFileType = sourcecode.swift; path = SceneDelegate.swift; sourceTree = "<group>"; };
		0DDE8A4024184C00004C0604 /* InteractionViewController.swift */ = {isa = PBXFileReference; lastKnownFileType = sourcecode.swift; path = InteractionViewController.swift; sourceTree = "<group>"; };
		0DDE8A4324184C00004C0604 /* Base */ = {isa = PBXFileReference; lastKnownFileType = file.storyboard; name = Base; path = Base.lproj/Main.storyboard; sourceTree = "<group>"; };
		0DDE8A4524184C01004C0604 /* Assets.xcassets */ = {isa = PBXFileReference; lastKnownFileType = folder.assetcatalog; path = Assets.xcassets; sourceTree = "<group>"; };
		0DDE8A4824184C01004C0604 /* Base */ = {isa = PBXFileReference; lastKnownFileType = file.storyboard; name = Base; path = Base.lproj/LaunchScreen.storyboard; sourceTree = "<group>"; };
		0DDE8A4A24184C01004C0604 /* Info.plist */ = {isa = PBXFileReference; lastKnownFileType = text.plist.xml; path = Info.plist; sourceTree = "<group>"; };
		0DDE8A5024184C3D004C0604 /* Shrdlu.swift */ = {isa = PBXFileReference; lastKnownFileType = sourcecode.swift; path = Shrdlu.swift; sourceTree = "<group>"; };
/* End PBXFileReference section */

/* Begin PBXFrameworksBuildPhase section */
		0DDE8A3624184BFF004C0604 /* Frameworks */ = {
			isa = PBXFrameworksBuildPhase;
			buildActionMask = 2147483647;
			files = (
			);
			runOnlyForDeploymentPostprocessing = 0;
		};
/* End PBXFrameworksBuildPhase section */

/* Begin PBXGroup section */
		0DDE8A3024184BFF004C0604 = {
			isa = PBXGroup;
			children = (
				0DDE8A3B24184C00004C0604 /* Shrdlu */,
				0DDE8A3A24184C00004C0604 /* Products */,
			);
			sourceTree = "<group>";
		};
		0DDE8A3A24184C00004C0604 /* Products */ = {
			isa = PBXGroup;
			children = (
				0DDE8A3924184C00004C0604 /* Shrdlu.app */,
			);
			name = Products;
			sourceTree = "<group>";
		};
		0DDE8A3B24184C00004C0604 /* Shrdlu */ = {
			isa = PBXGroup;
			children = (
				0DDE8A3C24184C00004C0604 /* AppDelegate.swift */,
				0DDE8A3E24184C00004C0604 /* SceneDelegate.swift */,
				0DDE8A4024184C00004C0604 /* InteractionViewController.swift */,
				0DDE8A4224184C00004C0604 /* Main.storyboard */,
				0DDE8A4524184C01004C0604 /* Assets.xcassets */,
				0DDE8A4724184C01004C0604 /* LaunchScreen.storyboard */,
				0DDE8A4A24184C01004C0604 /* Info.plist */,
				0DDE8A5024184C3D004C0604 /* Shrdlu.swift */,
			);
			path = Shrdlu;
			sourceTree = "<group>";
		};
/* End PBXGroup section */

/* Begin PBXNativeTarget section */
		0DDE8A3824184BFF004C0604 /* Shrdlu */ = {
			isa = PBXNativeTarget;
			buildConfigurationList = 0DDE8A4D24184C01004C0604 /* Build configuration list for PBXNativeTarget "Shrdlu" */;
			buildPhases = (
				0DDE8A3524184BFF004C0604 /* Sources */,
				0DDE8A3624184BFF004C0604 /* Frameworks */,
				0DDE8A3724184BFF004C0604 /* Resources */,
			);
			buildRules = (
			);
			dependencies = (
			);
			name = Shrdlu;
			productName = Shrdlu;
			productReference = 0DDE8A3924184C00004C0604 /* Shrdlu.app */;
			productType = "com.apple.product-type.application";
		};
/* End PBXNativeTarget section */

/* Begin PBXProject section */
		0DDE8A3124184BFF004C0604 /* Project object */ = {
			isa = PBXProject;
			attributes = {
				LastSwiftUpdateCheck = 1130;
				LastUpgradeCheck = 1130;
				ORGANIZATIONNAME = "Ryu, Jason";
				TargetAttributes = {
					0DDE8A3824184BFF004C0604 = {
						CreatedOnToolsVersion = 11.3.1;
					};
				};
			};
			buildConfigurationList = 0DDE8A3424184BFF004C0604 /* Build configuration list for PBXProject "Shrdlu" */;
			compatibilityVersion = "Xcode 9.3";
			developmentRegion = en;
			hasScannedForEncodings = 0;
			knownRegions = (
				en,
				Base,
			);
			mainGroup = 0DDE8A3024184BFF004C0604;
			productRefGroup = 0DDE8A3A24184C00004C0604 /* Products */;
			projectDirPath = "";
			projectRoot = "";
			targets = (
				0DDE8A3824184BFF004C0604 /* Shrdlu */,
			);
		};
/* End PBXProject section */

/* Begin PBXResourcesBuildPhase section */
		0DDE8A3724184BFF004C0604 /* Resources */ = {
			isa = PBXResourcesBuildPhase;
			buildActionMask = 2147483647;
			files = (
				0DDE8A4924184C01004C0604 /* LaunchScreen.storyboard in Resources */,
				0DDE8A4624184C01004C0604 /* Assets.xcassets in Resources */,
				0DDE8A4424184C00004C0604 /* Main.storyboard in Resources */,
			);
			runOnlyForDeploymentPostprocessing = 0;
		};
/* End PBXResourcesBuildPhase section */

/* Begin PBXSourcesBuildPhase section */
		0DDE8A3524184BFF004C0604 /* Sources */ = {
			isa = PBXSourcesBuildPhase;
			buildActionMask = 2147483647;
			files = (
				0DDE8A4124184C00004C0604 /* InteractionViewController.swift in Sources */,
				0DDE8A5124184C3D004C0604 /* Shrdlu.swift in Sources */,
				0DDE8A3D24184C00004C0604 /* AppDelegate.swift in Sources */,
				0DDE8A3F24184C00004C0604 /* SceneDelegate.swift in Sources */,
			);
			runOnlyForDeploymentPostprocessing = 0;
		};
/* End PBXSourcesBuildPhase section */

/* Begin PBXVariantGroup section */
		0DDE8A4224184C00004C0604 /* Main.storyboard */ = {
			isa = PBXVariantGroup;
			children = (
				0DDE8A4324184C00004C0604 /* Base */,
			);
			name = Main.storyboard;
			sourceTree = "<group>";
		};
		0DDE8A4724184C01004C0604 /* LaunchScreen.storyboard */ = {
			isa = PBXVariantGroup;
			children = (
				0DDE8A4824184C01004C0604 /* Base */,
			);
			name = LaunchScreen.storyboard;
			sourceTree = "<group>";
		};
/* End PBXVariantGroup section */

/* Begin XCBuildConfiguration section */
		0DDE8A4B24184C01004C0604 /* Debug */ = {
			isa = XCBuildConfiguration;
			buildSettings = {
				ALWAYS_SEARCH_USER_PATHS = NO;
				CLANG_ANALYZER_NONNULL = YES;
				CLANG_ANALYZER_NUMBER_OBJECT_CONVERSION = YES_AGGRESSIVE;
				CLANG_CXX_LANGUAGE_STANDARD = "gnu++14";
				CLANG_CXX_LIBRARY = "libc++";
				CLANG_ENABLE_MODULES = YES;
				CLANG_ENABLE_OBJC_ARC = YES;
				CLANG_ENABLE_OBJC_WEAK = YES;
				CLANG_WARN_BLOCK_CAPTURE_AUTORELEASING = YES;
				CLANG_WARN_BOOL_CONVERSION = YES;
				CLANG_WARN_COMMA = YES;
				CLANG_WARN_CONSTANT_CONVERSION = YES;
				CLANG_WARN_DEPRECATED_OBJC_IMPLEMENTATIONS = YES;
				CLANG_WARN_DIRECT_OBJC_ISA_USAGE = YES_ERROR;
				CLANG_WARN_DOCUMENTATION_COMMENTS = YES;
				CLANG_WARN_EMPTY_BODY = YES;
				CLANG_WARN_ENUM_CONVERSION = YES;
				CLANG_WARN_INFINITE_RECURSION = YES;
				CLANG_WARN_INT_CONVERSION = YES;
				CLANG_WARN_NON_LITERAL_NULL_CONVERSION = YES;
				CLANG_WARN_OBJC_IMPLICIT_RETAIN_SELF = YES;
				CLANG_WARN_OBJC_LITERAL_CONVERSION = YES;
				CLANG_WARN_OBJC_ROOT_CLASS = YES_ERROR;
				CLANG_WARN_RANGE_LOOP_ANALYSIS = YES;
				CLANG_WARN_STRICT_PROTOTYPES = YES;
				CLANG_WARN_SUSPICIOUS_MOVE = YES;
				CLANG_WARN_UNGUARDED_AVAILABILITY = YES_AGGRESSIVE;
				CLANG_WARN_UNREACHABLE_CODE = YES;
				CLANG_WARN__DUPLICATE_METHOD_MATCH = YES;
				COPY_PHASE_STRIP = NO;
				DEBUG_INFORMATION_FORMAT = dwarf;
				ENABLE_STRICT_OBJC_MSGSEND = YES;
				ENABLE_TESTABILITY = YES;
				GCC_C_LANGUAGE_STANDARD = gnu11;
				GCC_DYNAMIC_NO_PIC = NO;
				GCC_NO_COMMON_BLOCKS = YES;
				GCC_OPTIMIZATION_LEVEL = 0;
				GCC_PREPROCESSOR_DEFINITIONS = (
					"DEBUG=1",
					"$(inherited)",
				);
				GCC_WARN_64_TO_32_BIT_CONVERSION = YES;
				GCC_WARN_ABOUT_RETURN_TYPE = YES_ERROR;
				GCC_WARN_UNDECLARED_SELECTOR = YES;
				GCC_WARN_UNINITIALIZED_AUTOS = YES_AGGRESSIVE;
				GCC_WARN_UNUSED_FUNCTION = YES;
				GCC_WARN_UNUSED_VARIABLE = YES;
				IPHONEOS_DEPLOYMENT_TARGET = 13.2;
				MTL_ENABLE_DEBUG_INFO = INCLUDE_SOURCE;
				MTL_FAST_MATH = YES;
				ONLY_ACTIVE_ARCH = YES;
				SDKROOT = iphoneos;
				SWIFT_ACTIVE_COMPILATION_CONDITIONS = DEBUG;
				SWIFT_OPTIMIZATION_LEVEL = "-Onone";
			};
			name = Debug;
		};
		0DDE8A4C24184C01004C0604 /* Release */ = {
			isa = XCBuildConfiguration;
			buildSettings = {
				ALWAYS_SEARCH_USER_PATHS = NO;
				CLANG_ANALYZER_NONNULL = YES;
				CLANG_ANALYZER_NUMBER_OBJECT_CONVERSION = YES_AGGRESSIVE;
				CLANG_CXX_LANGUAGE_STANDARD = "gnu++14";
				CLANG_CXX_LIBRARY = "libc++";
				CLANG_ENABLE_MODULES = YES;
				CLANG_ENABLE_OBJC_ARC = YES;
				CLANG_ENABLE_OBJC_WEAK = YES;
				CLANG_WARN_BLOCK_CAPTURE_AUTORELEASING = YES;
				CLANG_WARN_BOOL_CONVERSION = YES;
				CLANG_WARN_COMMA = YES;
				CLANG_WARN_CONSTANT_CONVERSION = YES;
				CLANG_WARN_DEPRECATED_OBJC_IMPLEMENTATIONS = YES;
				CLANG_WARN_DIRECT_OBJC_ISA_USAGE = YES_ERROR;
				CLANG_WARN_DOCUMENTATION_COMMENTS = YES;
				CLANG_WARN_EMPTY_BODY = YES;
				CLANG_WARN_ENUM_CONVERSION = YES;
				CLANG_WARN_INFINITE_RECURSION = YES;
				CLANG_WARN_INT_CONVERSION = YES;
				CLANG_WARN_NON_LITERAL_NULL_CONVERSION = YES;
				CLANG_WARN_OBJC_IMPLICIT_RETAIN_SELF = YES;
				CLANG_WARN_OBJC_LITERAL_CONVERSION = YES;
				CLANG_WARN_OBJC_ROOT_CLASS = YES_ERROR;
				CLANG_WARN_RANGE_LOOP_ANALYSIS = YES;
				CLANG_WARN_STRICT_PROTOTYPES = YES;
				CLANG_WARN_SUSPICIOUS_MOVE = YES;
				CLANG_WARN_UNGUARDED_AVAILABILITY = YES_AGGRESSIVE;
				CLANG_WARN_UNREACHABLE_CODE = YES;
				CLANG_WARN__DUPLICATE_METHOD_MATCH = YES;
				COPY_PHASE_STRIP = NO;
				DEBUG_INFORMATION_FORMAT = "dwarf-with-dsym";
				ENABLE_NS_ASSERTIONS = NO;
				ENABLE_STRICT_OBJC_MSGSEND = YES;
				GCC_C_LANGUAGE_STANDARD = gnu11;
				GCC_NO_COMMON_BLOCKS = YES;
				GCC_WARN_64_TO_32_BIT_CONVERSION = YES;
				GCC_WARN_ABOUT_RETURN_TYPE = YES_ERROR;
				GCC_WARN_UNDECLARED_SELECTOR = YES;
				GCC_WARN_UNINITIALIZED_AUTOS = YES_AGGRESSIVE;
				GCC_WARN_UNUSED_FUNCTION = YES;
				GCC_WARN_UNUSED_VARIABLE = YES;
				IPHONEOS_DEPLOYMENT_TARGET = 13.2;
				MTL_ENABLE_DEBUG_INFO = NO;
				MTL_FAST_MATH = YES;
				SDKROOT = iphoneos;
				SWIFT_COMPILATION_MODE = wholemodule;
				SWIFT_OPTIMIZATION_LEVEL = "-O";
				VALIDATE_PRODUCT = YES;
			};
			name = Release;
		};
		0DDE8A4E24184C01004C0604 /* Debug */ = {
			isa = XCBuildConfiguration;
			buildSettings = {
				ASSETCATALOG_COMPILER_APPICON_NAME = AppIcon;
				CODE_SIGN_STYLE = Automatic;
				INFOPLIST_FILE = Shrdlu/Info.plist;
				LD_RUNPATH_SEARCH_PATHS = (
					"$(inherited)",
					"@executable_path/Frameworks",
				);
				PRODUCT_BUNDLE_IDENTIFIER = "edu.indiana.c323-hyryu.Shrdlu";
				PRODUCT_NAME = "$(TARGET_NAME)";
				SWIFT_VERSION = 5.0;
				TARGETED_DEVICE_FAMILY = "1,2";
			};
			name = Debug;
		};
		0DDE8A4F24184C01004C0604 /* Release */ = {
			isa = XCBuildConfiguration;
			buildSettings = {
				ASSETCATALOG_COMPILER_APPICON_NAME = AppIcon;
				CODE_SIGN_STYLE = Automatic;
				INFOPLIST_FILE = Shrdlu/Info.plist;
				LD_RUNPATH_SEARCH_PATHS = (
					"$(inherited)",
					"@executable_path/Frameworks",
				);
				PRODUCT_BUNDLE_IDENTIFIER = "edu.indiana.c323-hyryu.Shrdlu";
				PRODUCT_NAME = "$(TARGET_NAME)";
				SWIFT_VERSION = 5.0;
				TARGETED_DEVICE_FAMILY = "1,2";
			};
			name = Release;
		};
/* End XCBuildConfiguration section */

/* Begin XCConfigurationList section */
		0DDE8A3424184BFF004C0604 /* Build configuration list for PBXProject "Shrdlu" */ = {
			isa = XCConfigurationList;
			buildConfigurations = (
				0DDE8A4B24184C01004C0604 /* Debug */,
				0DDE8A4C24184C01004C0604 /* Release */,
			);
			defaultConfigurationIsVisible = 0;
			defaultConfigurationName = Release;
		};
		0DDE8A4D24184C01004C0604 /* Build configuration list for PBXNativeTarget "Shrdlu" */ = {
			isa = XCConfigurationList;
			buildConfigurations = (
				0DDE8A4E24184C01004C0604 /* Debug */,
				0DDE8A4F24184C01004C0604 /* Release */,
			);
			defaultConfigurationIsVisible = 0;
			defaultConfigurationName = Release;
		};
/* End XCConfigurationList section */
	};
	rootObject = 0DDE8A3124184BFF004C0604 /* Project object */;
}
